
Microsoft Visual Studio Solution File, Format Version 12.00
# Visual Studio Version 16
VisualStudioVersion = 16.0.30907.101
MinimumVisualStudioVersion = 10.0.40219.1
Project("{9A19103F-16F7-4668-BE54-9A1E7A4F7556}") = "TravelAgencyView", "TravelAgencyView\TravelAgencyView.csproj", "{39C725ED-CCE5-4CD7-9D5C-3D51451ABE91}"
EndProject
Project("{9A19103F-16F7-4668-BE54-9A1E7A4F7556}") = "TravelAgencyDatabaseImpement", "TravelAgencyDatabaseImpement\TravelAgencyDatabaseImpement.csproj", "{3545E61C-F40E-4AE3-9CEB-089B0F3AE30D}"
EndProject
Project("{FAE04EC0-301F-11D3-BF4B-00C04F79EFBC}") = "TravelAgencyBusinessLogic", "TravelAgencyBusinessLogic\TravelAgencyBusinessLogic.csproj", "{C9A66062-1AE9-4F98-8C01-8D274326E2A3}"
EndProject
Global
	GlobalSection(SolutionConfigurationPlatforms) = preSolution
		Debug|Any CPU = Debug|Any CPU
		Release|Any CPU = Release|Any CPU
	EndGlobalSection
	GlobalSection(ProjectConfigurationPlatforms) = postSolution
		{39C725ED-CCE5-4CD7-9D5C-3D51451ABE91}.Debug|Any CPU.ActiveCfg = Debug|Any CPU
		{39C725ED-CCE5-4CD7-9D5C-3D51451ABE91}.Debug|Any CPU.Build.0 = Debug|Any CPU
		{39C725ED-CCE5-4CD7-9D5C-3D51451ABE91}.Release|Any CPU.ActiveCfg = Release|Any CPU
		{39C725ED-CCE5-4CD7-9D5C-3D51451ABE91}.Release|Any CPU.Build.0 = Release|Any CPU
		{3545E61C-F40E-4AE3-9CEB-089B0F3AE30D}.Debug|Any CPU.ActiveCfg = Debug|Any CPU
		{3545E61C-F40E-4AE3-9CEB-089B0F3AE30D}.Debug|Any CPU.Build.0 = Debug|Any CPU
		{3545E61C-F40E-4AE3-9CEB-089B0F3AE30D}.Release|Any CPU.ActiveCfg = Release|Any CPU
		{3545E61C-F40E-4AE3-9CEB-089B0F3AE30D}.Release|Any CPU.Build.0 = Release|Any CPU
		{C9A66062-1AE9-4F98-8C01-8D274326E2A3}.Debug|Any CPU.ActiveCfg = Debug|Any CPU
		{C9A66062-1AE9-4F98-8C01-8D274326E2A3}.Debug|Any CPU.Build.0 = Debug|Any CPU
		{C9A66062-1AE9-4F98-8C01-8D274326E2A3}.Release|Any CPU.ActiveCfg = Release|Any CPU
		{C9A66062-1AE9-4F98-8C01-8D274326E2A3}.Release|Any CPU.Build.0 = Release|Any CPU
	EndGlobalSection
	GlobalSection(SolutionProperties) = preSolution
		HideSolutionNode = FALSE
	EndGlobalSection
	GlobalSection(ExtensibilityGlobals) = postSolution
		SolutionGuid = {EFC5D61D-4962-4B0D-9CF1-89C8BDDDBF8D}
	EndGlobalSection
EndGlobal
