
Microsoft Visual Studio Solution File, Format Version 12.00
# Visual Studio Version 16
VisualStudioVersion = 16.0.31105.61
MinimumVisualStudioVersion = 10.0.40219.1
Project("{FAE04EC0-301F-11D3-BF4B-00C04F79EFBC}") = "TravelAgencyEntitiesImplements", "VetClinikEntitiesImplements\TravelAgencyEntitiesImplements.csproj", "{3AF0C9A3-8049-42FC-B3C1-E2E2BA626718}"
EndProject
Project("{9A19103F-16F7-4668-BE54-9A1E7A4F7556}") = "TravelAgencyBusinessLogic", "«VetCliniсBusinessLogic»\TravelAgencyBusinessLogic.csproj", "{01374093-0917-41C4-AF77-C571BCC605EB}"
EndProject
Project("{FAE04EC0-301F-11D3-BF4B-00C04F79EFBC}") = "TravelAgencyView", "VetClinicView\TravelAgencyView.csproj", "{21F06702-658C-40D6-A1F4-7228FEB795DE}"
EndProject
Global
	GlobalSection(SolutionConfigurationPlatforms) = preSolution
		Debug|Any CPU = Debug|Any CPU
		Release|Any CPU = Release|Any CPU
	EndGlobalSection
	GlobalSection(ProjectConfigurationPlatforms) = postSolution
		{3AF0C9A3-8049-42FC-B3C1-E2E2BA626718}.Debug|Any CPU.ActiveCfg = Debug|Any CPU
		{3AF0C9A3-8049-42FC-B3C1-E2E2BA626718}.Debug|Any CPU.Build.0 = Debug|Any CPU
		{3AF0C9A3-8049-42FC-B3C1-E2E2BA626718}.Release|Any CPU.ActiveCfg = Release|Any CPU
		{3AF0C9A3-8049-42FC-B3C1-E2E2BA626718}.Release|Any CPU.Build.0 = Release|Any CPU
		{01374093-0917-41C4-AF77-C571BCC605EB}.Debug|Any CPU.ActiveCfg = Debug|Any CPU
		{01374093-0917-41C4-AF77-C571BCC605EB}.Debug|Any CPU.Build.0 = Debug|Any CPU
		{01374093-0917-41C4-AF77-C571BCC605EB}.Release|Any CPU.ActiveCfg = Release|Any CPU
		{01374093-0917-41C4-AF77-C571BCC605EB}.Release|Any CPU.Build.0 = Release|Any CPU
		{21F06702-658C-40D6-A1F4-7228FEB795DE}.Debug|Any CPU.ActiveCfg = Debug|Any CPU
		{21F06702-658C-40D6-A1F4-7228FEB795DE}.Debug|Any CPU.Build.0 = Debug|Any CPU
		{21F06702-658C-40D6-A1F4-7228FEB795DE}.Release|Any CPU.ActiveCfg = Release|Any CPU
		{21F06702-658C-40D6-A1F4-7228FEB795DE}.Release|Any CPU.Build.0 = Release|Any CPU
	EndGlobalSection
	GlobalSection(SolutionProperties) = preSolution
		HideSolutionNode = FALSE
	EndGlobalSection
	GlobalSection(ExtensibilityGlobals) = postSolution
		SolutionGuid = {2BBDCB1A-5B44-418D-B722-29380DA00E8E}
	EndGlobalSection
EndGlobal
